
Microsoft Visual Studio Solution File, Format Version 12.00
# Visual Studio Version 16
VisualStudioVersion = 16.0.28809.33
MinimumVisualStudioVersion = 10.0.40219.1
Project("{9A19103F-16F7-4668-BE54-9A1E7A4F7556}") = "FlexibleCalculator", "FlexibleCalculator\FlexibleCalculator.csproj", "{B173E884-F7D6-4D3D-8A5E-A6D61988FE17}"
EndProject
Project("{FAE04EC0-301F-11D3-BF4B-00C04F79EFBC}") = "FlexibleCalculator.Tests", "FlexibleCalculator.Tests\FlexibleCalculator.Tests.csproj", "{6236B616-A35A-436B-82CB-FB4D7420B3CD}"
EndProject
Global
	GlobalSection(SolutionConfigurationPlatforms) = preSolution
		Debug|Any CPU = Debug|Any CPU
		Release|Any CPU = Release|Any CPU
	EndGlobalSection
	GlobalSection(ProjectConfigurationPlatforms) = postSolution
		{B173E884-F7D6-4D3D-8A5E-A6D61988FE17}.Debug|Any CPU.ActiveCfg = Debug|Any CPU
		{B173E884-F7D6-4D3D-8A5E-A6D61988FE17}.Debug|Any CPU.Build.0 = Debug|Any CPU
		{B173E884-F7D6-4D3D-8A5E-A6D61988FE17}.Release|Any CPU.ActiveCfg = Release|Any CPU
		{B173E884-F7D6-4D3D-8A5E-A6D61988FE17}.Release|Any CPU.Build.0 = Release|Any CPU
		{6236B616-A35A-436B-82CB-FB4D7420B3CD}.Debug|Any CPU.ActiveCfg = Debug|Any CPU
		{6236B616-A35A-436B-82CB-FB4D7420B3CD}.Debug|Any CPU.Build.0 = Debug|Any CPU
		{6236B616-A35A-436B-82CB-FB4D7420B3CD}.Release|Any CPU.ActiveCfg = Release|Any CPU
		{6236B616-A35A-436B-82CB-FB4D7420B3CD}.Release|Any CPU.Build.0 = Release|Any CPU
	EndGlobalSection
	GlobalSection(SolutionProperties) = preSolution
		HideSolutionNode = FALSE
	EndGlobalSection
	GlobalSection(ExtensibilityGlobals) = postSolution
		SolutionGuid = {1018D849-68BC-4A69-9726-DDF15BC87AC1}
	EndGlobalSection
EndGlobal
